// !$*UTF8*$!
{
	archiveVersion = 1;
	classes = {
	};
	objectVersion = 46;
	objects = {

/* Begin PBXBuildFile section */
		840E82DC1B4ED09F00BCA526 /* CardMatchingGame.m in Sources */ = {isa = PBXBuildFile; fileRef = 840E82DB1B4ED09F00BCA526 /* CardMatchingGame.m */; };
		84B5A12C1B4D486A003ABCE7 /* Card.m in Sources */ = {isa = PBXBuildFile; fileRef = 84B5A12B1B4D486A003ABCE7 /* Card.m */; };
		84B5A1301B4D4B68003ABCE7 /* Deck.m in Sources */ = {isa = PBXBuildFile; fileRef = 84B5A12F1B4D4B68003ABCE7 /* Deck.m */; };
		84B5A1331B4D506D003ABCE7 /* PlayingCard.m in Sources */ = {isa = PBXBuildFile; fileRef = 84B5A1321B4D506D003ABCE7 /* PlayingCard.m */; };
		84B5A1361B4D5DCC003ABCE7 /* PlayingCardDeck.m in Sources */ = {isa = PBXBuildFile; fileRef = 84B5A1351B4D5DCC003ABCE7 /* PlayingCardDeck.m */; };
		84FA93D31B4BFC05008EE2D7 /* Foundation.framework in Frameworks */ = {isa = PBXBuildFile; fileRef = 84FA93D21B4BFC05008EE2D7 /* Foundation.framework */; };
		84FA93D51B4BFC05008EE2D7 /* CoreGraphics.framework in Frameworks */ = {isa = PBXBuildFile; fileRef = 84FA93D41B4BFC05008EE2D7 /* CoreGraphics.framework */; };
		84FA93D71B4BFC05008EE2D7 /* UIKit.framework in Frameworks */ = {isa = PBXBuildFile; fileRef = 84FA93D61B4BFC05008EE2D7 /* UIKit.framework */; };
		84FA93DD1B4BFC05008EE2D7 /* InfoPlist.strings in Resources */ = {isa = PBXBuildFile; fileRef = 84FA93DB1B4BFC05008EE2D7 /* InfoPlist.strings */; };
		84FA93DF1B4BFC05008EE2D7 /* main.m in Sources */ = {isa = PBXBuildFile; fileRef = 84FA93DE1B4BFC05008EE2D7 /* main.m */; };
		84FA93E31B4BFC05008EE2D7 /* CardGameAppDelegate.m in Sources */ = {isa = PBXBuildFile; fileRef = 84FA93E21B4BFC05008EE2D7 /* CardGameAppDelegate.m */; };
		84FA93E61B4BFC05008EE2D7 /* Main.storyboard in Resources */ = {isa = PBXBuildFile; fileRef = 84FA93E41B4BFC05008EE2D7 /* Main.storyboard */; };
		84FA93E91B4BFC05008EE2D7 /* CardGameViewController.m in Sources */ = {isa = PBXBuildFile; fileRef = 84FA93E81B4BFC05008EE2D7 /* CardGameViewController.m */; };
		84FA93EB1B4BFC05008EE2D7 /* Images.xcassets in Resources */ = {isa = PBXBuildFile; fileRef = 84FA93EA1B4BFC05008EE2D7 /* Images.xcassets */; };
		84FA93F21B4BFC05008EE2D7 /* XCTest.framework in Frameworks */ = {isa = PBXBuildFile; fileRef = 84FA93F11B4BFC05008EE2D7 /* XCTest.framework */; };
		84FA93F31B4BFC05008EE2D7 /* Foundation.framework in Frameworks */ = {isa = PBXBuildFile; fileRef = 84FA93D21B4BFC05008EE2D7 /* Foundation.framework */; };
		84FA93F41B4BFC05008EE2D7 /* UIKit.framework in Frameworks */ = {isa = PBXBuildFile; fileRef = 84FA93D61B4BFC05008EE2D7 /* UIKit.framework */; };
		84FA93FC1B4BFC05008EE2D7 /* InfoPlist.strings in Resources */ = {isa = PBXBuildFile; fileRef = 84FA93FA1B4BFC05008EE2D7 /* InfoPlist.strings */; };
		84FA93FE1B4BFC05008EE2D7 /* CardGameTests.m in Sources */ = {isa = PBXBuildFile; fileRef = 84FA93FD1B4BFC05008EE2D7 /* CardGameTests.m */; };
/* End PBXBuildFile section */

/* Begin PBXContainerItemProxy section */
		84FA93F51B4BFC05008EE2D7 /* PBXContainerItemProxy */ = {
			isa = PBXContainerItemProxy;
			containerPortal = 84FA93C71B4BFC05008EE2D7 /* Project object */;
			proxyType = 1;
			remoteGlobalIDString = 84FA93CE1B4BFC05008EE2D7;
			remoteInfo = CardGame;
		};
/* End PBXContainerItemProxy section */

/* Begin PBXFileReference section */
		840E82DA1B4ED09F00BCA526 /* CardMatchingGame.h */ = {isa = PBXFileReference; fileEncoding = 4; lastKnownFileType = sourcecode.c.h; name = CardMatchingGame.h; path = Model/CardMatchingGame.h; sourceTree = "<group>"; };
		840E82DB1B4ED09F00BCA526 /* CardMatchingGame.m */ = {isa = PBXFileReference; fileEncoding = 4; lastKnownFileType = sourcecode.c.objc; name = CardMatchingGame.m; path = Model/CardMatchingGame.m; sourceTree = "<group>"; };
		84B5A12A1B4D486A003ABCE7 /* Card.h */ = {isa = PBXFileReference; fileEncoding = 4; lastKnownFileType = sourcecode.c.h; name = Card.h; path = Model/Card.h; sourceTree = "<group>"; };
		84B5A12B1B4D486A003ABCE7 /* Card.m */ = {isa = PBXFileReference; fileEncoding = 4; lastKnownFileType = sourcecode.c.objc; name = Card.m; path = Model/Card.m; sourceTree = "<group>"; };
		84B5A12E1B4D4B68003ABCE7 /* Deck.h */ = {isa = PBXFileReference; fileEncoding = 4; lastKnownFileType = sourcecode.c.h; name = Deck.h; path = Model/Deck.h; sourceTree = "<group>"; };
		84B5A12F1B4D4B68003ABCE7 /* Deck.m */ = {isa = PBXFileReference; fileEncoding = 4; lastKnownFileType = sourcecode.c.objc; name = Deck.m; path = Model/Deck.m; sourceTree = "<group>"; };
		84B5A1311B4D506D003ABCE7 /* PlayingCard.h */ = {isa = PBXFileReference; fileEncoding = 4; lastKnownFileType = sourcecode.c.h; name = PlayingCard.h; path = Model/PlayingCard.h; sourceTree = "<group>"; };
		84B5A1321B4D506D003ABCE7 /* PlayingCard.m */ = {isa = PBXFileReference; fileEncoding = 4; lastKnownFileType = sourcecode.c.objc; name = PlayingCard.m; path = Model/PlayingCard.m; sourceTree = "<group>"; };
		84B5A1341B4D5DCC003ABCE7 /* PlayingCardDeck.h */ = {isa = PBXFileReference; fileEncoding = 4; lastKnownFileType = sourcecode.c.h; name = PlayingCardDeck.h; path = Model/PlayingCardDeck.h; sourceTree = "<group>"; };
		84B5A1351B4D5DCC003ABCE7 /* PlayingCardDeck.m */ = {isa = PBXFileReference; fileEncoding = 4; lastKnownFileType = sourcecode.c.objc; name = PlayingCardDeck.m; path = Model/PlayingCardDeck.m; sourceTree = "<group>"; };
		84FA93CF1B4BFC05008EE2D7 /* CardGame.app */ = {isa = PBXFileReference; explicitFileType = wrapper.application; includeInIndex = 0; path = CardGame.app; sourceTree = BUILT_PRODUCTS_DIR; };
		84FA93D21B4BFC05008EE2D7 /* Foundation.framework */ = {isa = PBXFileReference; lastKnownFileType = wrapper.framework; name = Foundation.framework; path = System/Library/Frameworks/Foundation.framework; sourceTree = SDKROOT; };
		84FA93D41B4BFC05008EE2D7 /* CoreGraphics.framework */ = {isa = PBXFileReference; lastKnownFileType = wrapper.framework; name = CoreGraphics.framework; path = System/Library/Frameworks/CoreGraphics.framework; sourceTree = SDKROOT; };
		84FA93D61B4BFC05008EE2D7 /* UIKit.framework */ = {isa = PBXFileReference; lastKnownFileType = wrapper.framework; name = UIKit.framework; path = System/Library/Frameworks/UIKit.framework; sourceTree = SDKROOT; };
		84FA93DA1B4BFC05008EE2D7 /* CardGame-Info.plist */ = {isa = PBXFileReference; lastKnownFileType = text.plist.xml; path = "CardGame-Info.plist"; sourceTree = "<group>"; };
		84FA93DC1B4BFC05008EE2D7 /* en */ = {isa = PBXFileReference; lastKnownFileType = text.plist.strings; name = en; path = en.lproj/InfoPlist.strings; sourceTree = "<group>"; };
		84FA93DE1B4BFC05008EE2D7 /* main.m */ = {isa = PBXFileReference; lastKnownFileType = sourcecode.c.objc; path = main.m; sourceTree = "<group>"; };
		84FA93E01B4BFC05008EE2D7 /* CardGame-Prefix.pch */ = {isa = PBXFileReference; lastKnownFileType = sourcecode.c.h; path = "CardGame-Prefix.pch"; sourceTree = "<group>"; };
		84FA93E11B4BFC05008EE2D7 /* CardGameAppDelegate.h */ = {isa = PBXFileReference; lastKnownFileType = sourcecode.c.h; path = CardGameAppDelegate.h; sourceTree = "<group>"; };
		84FA93E21B4BFC05008EE2D7 /* CardGameAppDelegate.m */ = {isa = PBXFileReference; lastKnownFileType = sourcecode.c.objc; path = CardGameAppDelegate.m; sourceTree = "<group>"; };
		84FA93E51B4BFC05008EE2D7 /* Base */ = {isa = PBXFileReference; lastKnownFileType = file.storyboard; name = Base; path = Base.lproj/Main.storyboard; sourceTree = "<group>"; };
		84FA93E71B4BFC05008EE2D7 /* CardGameViewController.h */ = {isa = PBXFileReference; lastKnownFileType = sourcecode.c.h; path = CardGameViewController.h; sourceTree = "<group>"; };
		84FA93E81B4BFC05008EE2D7 /* CardGameViewController.m */ = {isa = PBXFileReference; lastKnownFileType = sourcecode.c.objc; path = CardGameViewController.m; sourceTree = "<group>"; };
		84FA93EA1B4BFC05008EE2D7 /* Images.xcassets */ = {isa = PBXFileReference; lastKnownFileType = folder.assetcatalog; path = Images.xcassets; sourceTree = "<group>"; };
		84FA93F01B4BFC05008EE2D7 /* CardGameTests.xctest */ = {isa = PBXFileReference; explicitFileType = wrapper.cfbundle; includeInIndex = 0; path = CardGameTests.xctest; sourceTree = BUILT_PRODUCTS_DIR; };
		84FA93F11B4BFC05008EE2D7 /* XCTest.framework */ = {isa = PBXFileReference; lastKnownFileType = wrapper.framework; name = XCTest.framework; path = Library/Frameworks/XCTest.framework; sourceTree = DEVELOPER_DIR; };
		84FA93F91B4BFC05008EE2D7 /* CardGameTests-Info.plist */ = {isa = PBXFileReference; lastKnownFileType = text.plist.xml; path = "CardGameTests-Info.plist"; sourceTree = "<group>"; };
		84FA93FB1B4BFC05008EE2D7 /* en */ = {isa = PBXFileReference; lastKnownFileType = text.plist.strings; name = en; path = en.lproj/InfoPlist.strings; sourceTree = "<group>"; };
		84FA93FD1B4BFC05008EE2D7 /* CardGameTests.m */ = {isa = PBXFileReference; lastKnownFileType = sourcecode.c.objc; path = CardGameTests.m; sourceTree = "<group>"; };
/* End PBXFileReference section */

/* Begin PBXFrameworksBuildPhase section */
		84FA93CC1B4BFC05008EE2D7 /* Frameworks */ = {
			isa = PBXFrameworksBuildPhase;
			buildActionMask = 2147483647;
			files = (
				84FA93D51B4BFC05008EE2D7 /* CoreGraphics.framework in Frameworks */,
				84FA93D71B4BFC05008EE2D7 /* UIKit.framework in Frameworks */,
				84FA93D31B4BFC05008EE2D7 /* Foundation.framework in Frameworks */,
			);
			runOnlyForDeploymentPostprocessing = 0;
		};
		84FA93ED1B4BFC05008EE2D7 /* Frameworks */ = {
			isa = PBXFrameworksBuildPhase;
			buildActionMask = 2147483647;
			files = (
				84FA93F21B4BFC05008EE2D7 /* XCTest.framework in Frameworks */,
				84FA93F41B4BFC05008EE2D7 /* UIKit.framework in Frameworks */,
				84FA93F31B4BFC05008EE2D7 /* Foundation.framework in Frameworks */,
			);
			runOnlyForDeploymentPostprocessing = 0;
		};
/* End PBXFrameworksBuildPhase section */

/* Begin PBXGroup section */
		84B5A12D1B4D4914003ABCE7 /* Model */ = {
			isa = PBXGroup;
			children = (
				84B5A12A1B4D486A003ABCE7 /* Card.h */,
				84B5A12B1B4D486A003ABCE7 /* Card.m */,
				84B5A12E1B4D4B68003ABCE7 /* Deck.h */,
				84B5A12F1B4D4B68003ABCE7 /* Deck.m */,
				84B5A1311B4D506D003ABCE7 /* PlayingCard.h */,
				84B5A1321B4D506D003ABCE7 /* PlayingCard.m */,
				84B5A1341B4D5DCC003ABCE7 /* PlayingCardDeck.h */,
				84B5A1351B4D5DCC003ABCE7 /* PlayingCardDeck.m */,
				840E82DA1B4ED09F00BCA526 /* CardMatchingGame.h */,
				840E82DB1B4ED09F00BCA526 /* CardMatchingGame.m */,
			);
			name = Model;
			sourceTree = "<group>";
		};
		84FA93C61B4BFC05008EE2D7 = {
			isa = PBXGroup;
			children = (
				84FA93D81B4BFC05008EE2D7 /* CardGame */,
				84FA93F71B4BFC05008EE2D7 /* CardGameTests */,
				84FA93D11B4BFC05008EE2D7 /* Frameworks */,
				84FA93D01B4BFC05008EE2D7 /* Products */,
			);
			sourceTree = "<group>";
		};
		84FA93D01B4BFC05008EE2D7 /* Products */ = {
			isa = PBXGroup;
			children = (
				84FA93CF1B4BFC05008EE2D7 /* CardGame.app */,
				84FA93F01B4BFC05008EE2D7 /* CardGameTests.xctest */,
			);
			name = Products;
			sourceTree = "<group>";
		};
		84FA93D11B4BFC05008EE2D7 /* Frameworks */ = {
			isa = PBXGroup;
			children = (
				84FA93D21B4BFC05008EE2D7 /* Foundation.framework */,
				84FA93D41B4BFC05008EE2D7 /* CoreGraphics.framework */,
				84FA93D61B4BFC05008EE2D7 /* UIKit.framework */,
				84FA93F11B4BFC05008EE2D7 /* XCTest.framework */,
			);
			name = Frameworks;
			sourceTree = "<group>";
		};
		84FA93D81B4BFC05008EE2D7 /* CardGame */ = {
			isa = PBXGroup;
			children = (
				84FA93E11B4BFC05008EE2D7 /* CardGameAppDelegate.h */,
				84FA93E21B4BFC05008EE2D7 /* CardGameAppDelegate.m */,
				84FA93E41B4BFC05008EE2D7 /* Main.storyboard */,
				84B5A12D1B4D4914003ABCE7 /* Model */,
				84FA93E71B4BFC05008EE2D7 /* CardGameViewController.h */,
				84FA93E81B4BFC05008EE2D7 /* CardGameViewController.m */,
				84FA93EA1B4BFC05008EE2D7 /* Images.xcassets */,
				84FA93D91B4BFC05008EE2D7 /* Supporting Files */,
			);
			path = CardGame;
			sourceTree = "<group>";
		};
		84FA93D91B4BFC05008EE2D7 /* Supporting Files */ = {
			isa = PBXGroup;
			children = (
				84FA93DA1B4BFC05008EE2D7 /* CardGame-Info.plist */,
				84FA93DB1B4BFC05008EE2D7 /* InfoPlist.strings */,
				84FA93DE1B4BFC05008EE2D7 /* main.m */,
				84FA93E01B4BFC05008EE2D7 /* CardGame-Prefix.pch */,
			);
			name = "Supporting Files";
			sourceTree = "<group>";
		};
		84FA93F71B4BFC05008EE2D7 /* CardGameTests */ = {
			isa = PBXGroup;
			children = (
				84FA93FD1B4BFC05008EE2D7 /* CardGameTests.m */,
				84FA93F81B4BFC05008EE2D7 /* Supporting Files */,
			);
			path = CardGameTests;
			sourceTree = "<group>";
		};
		84FA93F81B4BFC05008EE2D7 /* Supporting Files */ = {
			isa = PBXGroup;
			children = (
				84FA93F91B4BFC05008EE2D7 /* CardGameTests-Info.plist */,
				84FA93FA1B4BFC05008EE2D7 /* InfoPlist.strings */,
			);
			name = "Supporting Files";
			sourceTree = "<group>";
		};
/* End PBXGroup section */

/* Begin PBXNativeTarget section */
		84FA93CE1B4BFC05008EE2D7 /* CardGame */ = {
			isa = PBXNativeTarget;
			buildConfigurationList = 84FA94011B4BFC05008EE2D7 /* Build configuration list for PBXNativeTarget "CardGame" */;
			buildPhases = (
				84FA93CB1B4BFC05008EE2D7 /* Sources */,
				84FA93CC1B4BFC05008EE2D7 /* Frameworks */,
				84FA93CD1B4BFC05008EE2D7 /* Resources */,
			);
			buildRules = (
			);
			dependencies = (
			);
			name = CardGame;
			productName = CardGame;
			productReference = 84FA93CF1B4BFC05008EE2D7 /* CardGame.app */;
			productType = "com.apple.product-type.application";
		};
		84FA93EF1B4BFC05008EE2D7 /* CardGameTests */ = {
			isa = PBXNativeTarget;
			buildConfigurationList = 84FA94041B4BFC05008EE2D7 /* Build configuration list for PBXNativeTarget "CardGameTests" */;
			buildPhases = (
				84FA93EC1B4BFC05008EE2D7 /* Sources */,
				84FA93ED1B4BFC05008EE2D7 /* Frameworks */,
				84FA93EE1B4BFC05008EE2D7 /* Resources */,
			);
			buildRules = (
			);
			dependencies = (
				84FA93F61B4BFC05008EE2D7 /* PBXTargetDependency */,
			);
			name = CardGameTests;
			productName = CardGameTests;
			productReference = 84FA93F01B4BFC05008EE2D7 /* CardGameTests.xctest */;
			productType = "com.apple.product-type.bundle.unit-test";
		};
/* End PBXNativeTarget section */

/* Begin PBXProject section */
		84FA93C71B4BFC05008EE2D7 /* Project object */ = {
			isa = PBXProject;
			attributes = {
				CLASSPREFIX = CardGame;
				LastUpgradeCheck = 0510;
				ORGANIZATIONNAME = sergey;
				TargetAttributes = {
					84FA93EF1B4BFC05008EE2D7 = {
						TestTargetID = 84FA93CE1B4BFC05008EE2D7;
					};
				};
			};
			buildConfigurationList = 84FA93CA1B4BFC05008EE2D7 /* Build configuration list for PBXProject "CardGame" */;
			compatibilityVersion = "Xcode 3.2";
			developmentRegion = English;
			hasScannedForEncodings = 0;
			knownRegions = (
				en,
				Base,
			);
			mainGroup = 84FA93C61B4BFC05008EE2D7;
			productRefGroup = 84FA93D01B4BFC05008EE2D7 /* Products */;
			projectDirPath = "";
			projectRoot = "";
			targets = (
				84FA93CE1B4BFC05008EE2D7 /* CardGame */,
				84FA93EF1B4BFC05008EE2D7 /* CardGameTests */,
			);
		};
/* End PBXProject section */

/* Begin PBXResourcesBuildPhase section */
		84FA93CD1B4BFC05008EE2D7 /* Resources */ = {
			isa = PBXResourcesBuildPhase;
			buildActionMask = 2147483647;
			files = (
				84FA93EB1B4BFC05008EE2D7 /* Images.xcassets in Resources */,
				84FA93DD1B4BFC05008EE2D7 /* InfoPlist.strings in Resources */,
				84FA93E61B4BFC05008EE2D7 /* Main.storyboard in Resources */,
			);
			runOnlyForDeploymentPostprocessing = 0;
		};
		84FA93EE1B4BFC05008EE2D7 /* Resources */ = {
			isa = PBXResourcesBuildPhase;
			buildActionMask = 2147483647;
			files = (
				84FA93FC1B4BFC05008EE2D7 /* InfoPlist.strings in Resources */,
			);
			runOnlyForDeploymentPostprocessing = 0;
		};
/* End PBXResourcesBuildPhase section */

/* Begin PBXSourcesBuildPhase section */
		84FA93CB1B4BFC05008EE2D7 /* Sources */ = {
			isa = PBXSourcesBuildPhase;
			buildActionMask = 2147483647;
			files = (
				84B5A1331B4D506D003ABCE7 /* PlayingCard.m in Sources */,
				84B5A1301B4D4B68003ABCE7 /* Deck.m in Sources */,
				84FA93E31B4BFC05008EE2D7 /* CardGameAppDelegate.m in Sources */,
				84FA93E91B4BFC05008EE2D7 /* CardGameViewController.m in Sources */,
				840E82DC1B4ED09F00BCA526 /* CardMatchingGame.m in Sources */,
				84B5A1361B4D5DCC003ABCE7 /* PlayingCardDeck.m in Sources */,
				84FA93DF1B4BFC05008EE2D7 /* main.m in Sources */,
				84B5A12C1B4D486A003ABCE7 /* Card.m in Sources */,
			);
			runOnlyForDeploymentPostprocessing = 0;
		};
		84FA93EC1B4BFC05008EE2D7 /* Sources */ = {
			isa = PBXSourcesBuildPhase;
			buildActionMask = 2147483647;
			files = (
				84FA93FE1B4BFC05008EE2D7 /* CardGameTests.m in Sources */,
			);
			runOnlyForDeploymentPostprocessing = 0;
		};
/* End PBXSourcesBuildPhase section */

/* Begin PBXTargetDependency section */
		84FA93F61B4BFC05008EE2D7 /* PBXTargetDependency */ = {
			isa = PBXTargetDependency;
			target = 84FA93CE1B4BFC05008EE2D7 /* CardGame */;
			targetProxy = 84FA93F51B4BFC05008EE2D7 /* PBXContainerItemProxy */;
		};
/* End PBXTargetDependency section */

/* Begin PBXVariantGroup section */
		84FA93DB1B4BFC05008EE2D7 /* InfoPlist.strings */ = {
			isa = PBXVariantGroup;
			children = (
				84FA93DC1B4BFC05008EE2D7 /* en */,
			);
			name = InfoPlist.strings;
			sourceTree = "<group>";
		};
		84FA93E41B4BFC05008EE2D7 /* Main.storyboard */ = {
			isa = PBXVariantGroup;
			children = (
				84FA93E51B4BFC05008EE2D7 /* Base */,
			);
			name = Main.storyboard;
			sourceTree = "<group>";
		};
		84FA93FA1B4BFC05008EE2D7 /* InfoPlist.strings */ = {
			isa = PBXVariantGroup;
			children = (
				84FA93FB1B4BFC05008EE2D7 /* en */,
			);
			name = InfoPlist.strings;
			sourceTree = "<group>";
		};
/* End PBXVariantGroup section */

/* Begin XCBuildConfiguration section */
		84FA93FF1B4BFC05008EE2D7 /* Debug */ = {
			isa = XCBuildConfiguration;
			buildSettings = {
				ALWAYS_SEARCH_USER_PATHS = NO;
				CLANG_CXX_LANGUAGE_STANDARD = "gnu++0x";
				CLANG_CXX_LIBRARY = "libc++";
				CLANG_ENABLE_MODULES = YES;
				CLANG_ENABLE_OBJC_ARC = YES;
				CLANG_WARN_BOOL_CONVERSION = YES;
				CLANG_WARN_CONSTANT_CONVERSION = YES;
				CLANG_WARN_DIRECT_OBJC_ISA_USAGE = YES_ERROR;
				CLANG_WARN_EMPTY_BODY = YES;
				CLANG_WARN_ENUM_CONVERSION = YES;
				CLANG_WARN_INT_CONVERSION = YES;
				CLANG_WARN_OBJC_ROOT_CLASS = YES_ERROR;
				CLANG_WARN__DUPLICATE_METHOD_MATCH = YES;
				"CODE_SIGN_IDENTITY[sdk=iphoneos*]" = "iPhone Developer";
				COPY_PHASE_STRIP = NO;
				GCC_C_LANGUAGE_STANDARD = gnu99;
				GCC_DYNAMIC_NO_PIC = NO;
				GCC_OPTIMIZATION_LEVEL = 0;
				GCC_PREPROCESSOR_DEFINITIONS = (
					"DEBUG=1",
					"$(inherited)",
				);
				GCC_SYMBOLS_PRIVATE_EXTERN = NO;
				GCC_WARN_64_TO_32_BIT_CONVERSION = YES;
				GCC_WARN_ABOUT_RETURN_TYPE = YES_ERROR;
				GCC_WARN_UNDECLARED_SELECTOR = YES;
				GCC_WARN_UNINITIALIZED_AUTOS = YES_AGGRESSIVE;
				GCC_WARN_UNUSED_FUNCTION = YES;
				GCC_WARN_UNUSED_VARIABLE = YES;
				IPHONEOS_DEPLOYMENT_TARGET = 7.1;
				ONLY_ACTIVE_ARCH = YES;
				SDKROOT = iphoneos;
			};
			name = Debug;
		};
		84FA94001B4BFC05008EE2D7 /* Release */ = {
			isa = XCBuildConfiguration;
			buildSettings = {
				ALWAYS_SEARCH_USER_PATHS = NO;
				CLANG_CXX_LANGUAGE_STANDARD = "gnu++0x";
				CLANG_CXX_LIBRARY = "libc++";
				CLANG_ENABLE_MODULES = YES;
				CLANG_ENABLE_OBJC_ARC = YES;
				CLANG_WARN_BOOL_CONVERSION = YES;
				CLANG_WARN_CONSTANT_CONVERSION = YES;
				CLANG_WARN_DIRECT_OBJC_ISA_USAGE = YES_ERROR;
				CLANG_WARN_EMPTY_BODY = YES;
				CLANG_WARN_ENUM_CONVERSION = YES;
				CLANG_WARN_INT_CONVERSION = YES;
				CLANG_WARN_OBJC_ROOT_CLASS = YES_ERROR;
				CLANG_WARN__DUPLICATE_METHOD_MATCH = YES;
				"CODE_SIGN_IDENTITY[sdk=iphoneos*]" = "iPhone Developer";
				COPY_PHASE_STRIP = YES;
				ENABLE_NS_ASSERTIONS = NO;
				GCC_C_LANGUAGE_STANDARD = gnu99;
				GCC_WARN_64_TO_32_BIT_CONVERSION = YES;
				GCC_WARN_ABOUT_RETURN_TYPE = YES_ERROR;
				GCC_WARN_UNDECLARED_SELECTOR = YES;
				GCC_WARN_UNINITIALIZED_AUTOS = YES_AGGRESSIVE;
				GCC_WARN_UNUSED_FUNCTION = YES;
				GCC_WARN_UNUSED_VARIABLE = YES;
				IPHONEOS_DEPLOYMENT_TARGET = 7.1;
				SDKROOT = iphoneos;
				VALIDATE_PRODUCT = YES;
			};
			name = Release;
		};
		84FA94021B4BFC05008EE2D7 /* Debug */ = {
			isa = XCBuildConfiguration;
			buildSettings = {
				ASSETCATALOG_COMPILER_APPICON_NAME = AppIcon;
				ASSETCATALOG_COMPILER_LAUNCHIMAGE_NAME = LaunchImage;
				GCC_PRECOMPILE_PREFIX_HEADER = YES;
				GCC_PREFIX_HEADER = "CardGame/CardGame-Prefix.pch";
				INFOPLIST_FILE = "CardGame/CardGame-Info.plist";
				PRODUCT_NAME = "$(TARGET_NAME)";
				WRAPPER_EXTENSION = app;
			};
			name = Debug;
		};
		84FA94031B4BFC05008EE2D7 /* Release */ = {
			isa = XCBuildConfiguration;
			buildSettings = {
				ASSETCATALOG_COMPILER_APPICON_NAME = AppIcon;
				ASSETCATALOG_COMPILER_LAUNCHIMAGE_NAME = LaunchImage;
				GCC_PRECOMPILE_PREFIX_HEADER = YES;
				GCC_PREFIX_HEADER = "CardGame/CardGame-Prefix.pch";
				INFOPLIST_FILE = "CardGame/CardGame-Info.plist";
				PRODUCT_NAME = "$(TARGET_NAME)";
				WRAPPER_EXTENSION = app;
			};
			name = Release;
		};
		84FA94051B4BFC05008EE2D7 /* Debug */ = {
			isa = XCBuildConfiguration;
			buildSettings = {
				BUNDLE_LOADER = "$(BUILT_PRODUCTS_DIR)/CardGame.app/CardGame";
				FRAMEWORK_SEARCH_PATHS = (
					"$(SDKROOT)/Developer/Library/Frameworks",
					"$(inherited)",
					"$(DEVELOPER_FRAMEWORKS_DIR)",
				);
				GCC_PRECOMPILE_PREFIX_HEADER = YES;
				GCC_PREFIX_HEADER = "CardGame/CardGame-Prefix.pch";
				GCC_PREPROCESSOR_DEFINITIONS = (
					"DEBUG=1",
					"$(inherited)",
				);
				INFOPLIST_FILE = "CardGameTests/CardGameTests-Info.plist";
				PRODUCT_NAME = "$(TARGET_NAME)";
				TEST_HOST = "$(BUNDLE_LOADER)";
				WRAPPER_EXTENSION = xctest;
			};
			name = Debug;
		};
		84FA94061B4BFC05008EE2D7 /* Release */ = {
			isa = XCBuildConfiguration;
			buildSettings = {
				BUNDLE_LOADER = "$(BUILT_PRODUCTS_DIR)/CardGame.app/CardGame";
				FRAMEWORK_SEARCH_PATHS = (
					"$(SDKROOT)/Developer/Library/Frameworks",
					"$(inherited)",
					"$(DEVELOPER_FRAMEWORKS_DIR)",
				);
				GCC_PRECOMPILE_PREFIX_HEADER = YES;
				GCC_PREFIX_HEADER = "CardGame/CardGame-Prefix.pch";
				INFOPLIST_FILE = "CardGameTests/CardGameTests-Info.plist";
				PRODUCT_NAME = "$(TARGET_NAME)";
				TEST_HOST = "$(BUNDLE_LOADER)";
				WRAPPER_EXTENSION = xctest;
			};
			name = Release;
		};
/* End XCBuildConfiguration section */

/* Begin XCConfigurationList section */
		84FA93CA1B4BFC05008EE2D7 /* Build configuration list for PBXProject "CardGame" */ = {
			isa = XCConfigurationList;
			buildConfigurations = (
				84FA93FF1B4BFC05008EE2D7 /* Debug */,
				84FA94001B4BFC05008EE2D7 /* Release */,
			);
			defaultConfigurationIsVisible = 0;
			defaultConfigurationName = Release;
		};
		84FA94011B4BFC05008EE2D7 /* Build configuration list for PBXNativeTarget "CardGame" */ = {
			isa = XCConfigurationList;
			buildConfigurations = (
				84FA94021B4BFC05008EE2D7 /* Debug */,
				84FA94031B4BFC05008EE2D7 /* Release */,
			);
			defaultConfigurationIsVisible = 0;
			defaultConfigurationName = Release;
		};
		84FA94041B4BFC05008EE2D7 /* Build configuration list for PBXNativeTarget "CardGameTests" */ = {
			isa = XCConfigurationList;
			buildConfigurations = (
				84FA94051B4BFC05008EE2D7 /* Debug */,
				84FA94061B4BFC05008EE2D7 /* Release */,
			);
			defaultConfigurationIsVisible = 0;
			defaultConfigurationName = Release;
		};
/* End XCConfigurationList section */
	};
	rootObject = 84FA93C71B4BFC05008EE2D7 /* Project object */;
}
